
Microsoft Visual Studio Solution File, Format Version 12.00
# Visual Studio Version 17
VisualStudioVersion = 17.5.33530.505
MinimumVisualStudioVersion = 10.0.40219.1
Project("{6EC3EE1D-3C4E-46DD-8F32-0CC8E7565705}") = "API", "API\API.fsproj", "{AEAE39F1-929A-4B48-A0A3-1BC8F30B1A4D}"
EndProject
Project("{2150E333-8FDC-42A3-9474-1A3956D46DE8}") = "Solution Items", "Solution Items", "{1CB70C0F-DEFC-4A04-9A1C-3A50D5595D32}"
	ProjectSection(SolutionItems) = preProject
		.gitignore = .gitignore
		Directory.Packages.props = Directory.Packages.props
		Directory.Build.props = Directory.Build.props
		..\README.md = ..\README.md
	EndProjectSection
EndProject
Global
	GlobalSection(SolutionConfigurationPlatforms) = preSolution
		Debug|Any CPU = Debug|Any CPU
		Release|Any CPU = Release|Any CPU
	EndGlobalSection
	GlobalSection(ProjectConfigurationPlatforms) = postSolution
		{AEAE39F1-929A-4B48-A0A3-1BC8F30B1A4D}.Debug|Any CPU.ActiveCfg = Debug|Any CPU
		{AEAE39F1-929A-4B48-A0A3-1BC8F30B1A4D}.Debug|Any CPU.Build.0 = Debug|Any CPU
		{AEAE39F1-929A-4B48-A0A3-1BC8F30B1A4D}.Release|Any CPU.ActiveCfg = Release|Any CPU
		{AEAE39F1-929A-4B48-A0A3-1BC8F30B1A4D}.Release|Any CPU.Build.0 = Release|Any CPU
	EndGlobalSection
	GlobalSection(SolutionProperties) = preSolution
		HideSolutionNode = FALSE
	EndGlobalSection
	GlobalSection(ExtensibilityGlobals) = postSolution
		SolutionGuid = {376CF7F8-DDB0-4AF7-A8AB-67CFFAA17F67}
	EndGlobalSection
EndGlobal
